
Microsoft Visual Studio Solution File, Format Version 12.00
# Visual Studio Version 17
VisualStudioVersion = 17.0.31611.283
MinimumVisualStudioVersion = 10.0.40219.1
Project("{9A19103F-16F7-4668-BE54-9A1E7A4F7556}") = "CRUD_Personas_MAUI", "CRUD_Personas_MAUI\CRUD_Personas_MAUI.csproj", "{7A7A239A-6681-4EAB-A5E1-C1029E827C60}"
EndProject
Project("{FAE04EC0-301F-11D3-BF4B-00C04F79EFBC}") = "CRUD_Personas_ASP", "CRUD_Personas_ASP\CRUD_Personas_ASP.csproj", "{0090813F-B019-4F9F-9CA4-770CD5E29428}"
EndProject
Project("{FAE04EC0-301F-11D3-BF4B-00C04F79EFBC}") = "CRUD_Personas_Entidades", "CRUD_Personas_Entidades\CRUD_Personas_Entidades.csproj", "{16FF0F50-4369-4F5F-A167-A76A78441E9F}"
EndProject
Project("{FAE04EC0-301F-11D3-BF4B-00C04F79EFBC}") = "CRUD_Personas_DAL", "CRUD_Personas_DAL\CRUD_Personas_DAL.csproj", "{1CF2D64F-883F-44BF-8A40-84B776F14322}"
EndProject
Project("{FAE04EC0-301F-11D3-BF4B-00C04F79EFBC}") = "CRUD_Personas_BL", "CRUD_Personas_BL\CRUD_Personas_BL.csproj", "{2F850315-9FFC-405F-9E1F-48224882B412}"
EndProject
Global
	GlobalSection(SolutionConfigurationPlatforms) = preSolution
		Debug|Any CPU = Debug|Any CPU
		Release|Any CPU = Release|Any CPU
	EndGlobalSection
	GlobalSection(ProjectConfigurationPlatforms) = postSolution
		{7A7A239A-6681-4EAB-A5E1-C1029E827C60}.Debug|Any CPU.ActiveCfg = Debug|Any CPU
		{7A7A239A-6681-4EAB-A5E1-C1029E827C60}.Debug|Any CPU.Build.0 = Debug|Any CPU
		{7A7A239A-6681-4EAB-A5E1-C1029E827C60}.Debug|Any CPU.Deploy.0 = Debug|Any CPU
		{7A7A239A-6681-4EAB-A5E1-C1029E827C60}.Release|Any CPU.ActiveCfg = Release|Any CPU
		{7A7A239A-6681-4EAB-A5E1-C1029E827C60}.Release|Any CPU.Build.0 = Release|Any CPU
		{7A7A239A-6681-4EAB-A5E1-C1029E827C60}.Release|Any CPU.Deploy.0 = Release|Any CPU
		{0090813F-B019-4F9F-9CA4-770CD5E29428}.Debug|Any CPU.ActiveCfg = Debug|Any CPU
		{0090813F-B019-4F9F-9CA4-770CD5E29428}.Debug|Any CPU.Build.0 = Debug|Any CPU
		{0090813F-B019-4F9F-9CA4-770CD5E29428}.Release|Any CPU.ActiveCfg = Release|Any CPU
		{0090813F-B019-4F9F-9CA4-770CD5E29428}.Release|Any CPU.Build.0 = Release|Any CPU
		{16FF0F50-4369-4F5F-A167-A76A78441E9F}.Debug|Any CPU.ActiveCfg = Debug|Any CPU
		{16FF0F50-4369-4F5F-A167-A76A78441E9F}.Debug|Any CPU.Build.0 = Debug|Any CPU
		{16FF0F50-4369-4F5F-A167-A76A78441E9F}.Release|Any CPU.ActiveCfg = Release|Any CPU
		{16FF0F50-4369-4F5F-A167-A76A78441E9F}.Release|Any CPU.Build.0 = Release|Any CPU
		{1CF2D64F-883F-44BF-8A40-84B776F14322}.Debug|Any CPU.ActiveCfg = Debug|Any CPU
		{1CF2D64F-883F-44BF-8A40-84B776F14322}.Debug|Any CPU.Build.0 = Debug|Any CPU
		{1CF2D64F-883F-44BF-8A40-84B776F14322}.Release|Any CPU.ActiveCfg = Release|Any CPU
		{1CF2D64F-883F-44BF-8A40-84B776F14322}.Release|Any CPU.Build.0 = Release|Any CPU
		{2F850315-9FFC-405F-9E1F-48224882B412}.Debug|Any CPU.ActiveCfg = Debug|Any CPU
		{2F850315-9FFC-405F-9E1F-48224882B412}.Debug|Any CPU.Build.0 = Debug|Any CPU
		{2F850315-9FFC-405F-9E1F-48224882B412}.Release|Any CPU.ActiveCfg = Release|Any CPU
		{2F850315-9FFC-405F-9E1F-48224882B412}.Release|Any CPU.Build.0 = Release|Any CPU
	EndGlobalSection
	GlobalSection(SolutionProperties) = preSolution
		HideSolutionNode = FALSE
	EndGlobalSection
	GlobalSection(ExtensibilityGlobals) = postSolution
		SolutionGuid = {61F7FB11-1E47-470C-91E2-47F8143E1572}
	EndGlobalSection
EndGlobal
