
Microsoft Visual Studio Solution File, Format Version 12.00
# Visual Studio Version 17
VisualStudioVersion = 17.3.32825.248
MinimumVisualStudioVersion = 10.0.40219.1
Project("{FAE04EC0-301F-11D3-BF4B-00C04F79EFBC}") = "HelloWorldJS", "HelloWorldJS\HelloWorldJS.csproj", "{170A35BB-8001-4407-813A-8BD713709413}"
EndProject
Global
	GlobalSection(SolutionConfigurationPlatforms) = preSolution
		Debug|Any CPU = Debug|Any CPU
		Release|Any CPU = Release|Any CPU
	EndGlobalSection
	GlobalSection(ProjectConfigurationPlatforms) = postSolution
		{170A35BB-8001-4407-813A-8BD713709413}.Debug|Any CPU.ActiveCfg = Debug|Any CPU
		{170A35BB-8001-4407-813A-8BD713709413}.Debug|Any CPU.Build.0 = Debug|Any CPU
		{170A35BB-8001-4407-813A-8BD713709413}.Release|Any CPU.ActiveCfg = Release|Any CPU
		{170A35BB-8001-4407-813A-8BD713709413}.Release|Any CPU.Build.0 = Release|Any CPU
	EndGlobalSection
	GlobalSection(SolutionProperties) = preSolution
		HideSolutionNode = FALSE
	EndGlobalSection
	GlobalSection(ExtensibilityGlobals) = postSolution
		SolutionGuid = {E22A71CE-B940-4F77-9507-B33D58CF29CB}
	EndGlobalSection
EndGlobal
