
Microsoft Visual Studio Solution File, Format Version 12.00
# Visual Studio Version 17
VisualStudioVersion = 17.3.32825.248
MinimumVisualStudioVersion = 10.0.40219.1
Project("{FAE04EC0-301F-11D3-BF4B-00C04F79EFBC}") = "EditarPersona_UI_MVC", "BorrarPersona\EditarPersona_UI_MVC.csproj", "{C73D5C4C-2CB2-4DDD-940C-0BBA54E5844D}"
EndProject
Project("{FAE04EC0-301F-11D3-BF4B-00C04F79EFBC}") = "Entidades", "Entidades\Entidades.csproj", "{B612B39A-17F1-44E3-9D62-73E8D002D313}"
EndProject
Project("{FAE04EC0-301F-11D3-BF4B-00C04F79EFBC}") = "DAL", "DAL\DAL.csproj", "{F6DC6D65-F577-4E94-8A6B-014ACD6702AF}"
EndProject
Global
	GlobalSection(SolutionConfigurationPlatforms) = preSolution
		Debug|Any CPU = Debug|Any CPU
		Release|Any CPU = Release|Any CPU
	EndGlobalSection
	GlobalSection(ProjectConfigurationPlatforms) = postSolution
		{C73D5C4C-2CB2-4DDD-940C-0BBA54E5844D}.Debug|Any CPU.ActiveCfg = Debug|Any CPU
		{C73D5C4C-2CB2-4DDD-940C-0BBA54E5844D}.Debug|Any CPU.Build.0 = Debug|Any CPU
		{C73D5C4C-2CB2-4DDD-940C-0BBA54E5844D}.Release|Any CPU.ActiveCfg = Release|Any CPU
		{C73D5C4C-2CB2-4DDD-940C-0BBA54E5844D}.Release|Any CPU.Build.0 = Release|Any CPU
		{B612B39A-17F1-44E3-9D62-73E8D002D313}.Debug|Any CPU.ActiveCfg = Debug|Any CPU
		{B612B39A-17F1-44E3-9D62-73E8D002D313}.Debug|Any CPU.Build.0 = Debug|Any CPU
		{B612B39A-17F1-44E3-9D62-73E8D002D313}.Release|Any CPU.ActiveCfg = Release|Any CPU
		{B612B39A-17F1-44E3-9D62-73E8D002D313}.Release|Any CPU.Build.0 = Release|Any CPU
		{F6DC6D65-F577-4E94-8A6B-014ACD6702AF}.Debug|Any CPU.ActiveCfg = Debug|Any CPU
		{F6DC6D65-F577-4E94-8A6B-014ACD6702AF}.Debug|Any CPU.Build.0 = Debug|Any CPU
		{F6DC6D65-F577-4E94-8A6B-014ACD6702AF}.Release|Any CPU.ActiveCfg = Release|Any CPU
		{F6DC6D65-F577-4E94-8A6B-014ACD6702AF}.Release|Any CPU.Build.0 = Release|Any CPU
	EndGlobalSection
	GlobalSection(SolutionProperties) = preSolution
		HideSolutionNode = FALSE
	EndGlobalSection
	GlobalSection(ExtensibilityGlobals) = postSolution
		SolutionGuid = {86E4038C-56A3-4869-A2BF-1B85B6EE03B8}
	EndGlobalSection
EndGlobal
